
Microsoft Visual Studio Solution File, Format Version 11.00
# Visual Studio 2010
Project("{FAE04EC0-301F-11D3-BF4B-00C04F79EFBC}") = "Assembly-CSharp", "Assembly-CSharp.csproj", "{8d37d124-2c5e-ba30-fc92-6ff8fab4e431}"
EndProject
Project("{FAE04EC0-301F-11D3-BF4B-00C04F79EFBC}") = "Assembly-CSharp-firstpass", "Assembly-CSharp-firstpass.csproj", "{6d568476-d814-d233-8ef0-80d904eabc44}"
EndProject
Project("{FAE04EC0-301F-11D3-BF4B-00C04F79EFBC}") = "Assembly-CSharp-Editor-firstpass", "Assembly-CSharp-Editor-firstpass.csproj", "{a133805a-c79f-63a6-2422-d315ab540b13}"
EndProject
Global
	GlobalSection(SolutionConfigurationPlatforms) = preSolution
		Debug|Any CPU = Debug|Any CPU
	EndGlobalSection
	GlobalSection(ProjectConfigurationPlatforms) = postSolution
		{8d37d124-2c5e-ba30-fc92-6ff8fab4e431}.Debug|Any CPU.ActiveCfg = Debug|Any CPU
		{8d37d124-2c5e-ba30-fc92-6ff8fab4e431}.Debug|Any CPU.Build.0 = Debug|Any CPU
		{6d568476-d814-d233-8ef0-80d904eabc44}.Debug|Any CPU.ActiveCfg = Debug|Any CPU
		{6d568476-d814-d233-8ef0-80d904eabc44}.Debug|Any CPU.Build.0 = Debug|Any CPU
		{a133805a-c79f-63a6-2422-d315ab540b13}.Debug|Any CPU.ActiveCfg = Debug|Any CPU
		{a133805a-c79f-63a6-2422-d315ab540b13}.Debug|Any CPU.Build.0 = Debug|Any CPU
	EndGlobalSection
	GlobalSection(SolutionProperties) = preSolution
		HideSolutionNode = FALSE
	EndGlobalSection
EndGlobal
