
Microsoft Visual Studio Solution File, Format Version 11.00
# Visual Studio 2010
Project("{FAE04EC0-301F-11D3-BF4B-00C04F79EFBC}") = "FishNet.Runtime", "FishNet.Runtime.csproj", "{9ebb8a15-7a9f-8f14-7d76-3201b5bce80c}"
EndProject
Project("{FAE04EC0-301F-11D3-BF4B-00C04F79EFBC}") = "Assembly-CSharp", "Assembly-CSharp.csproj", "{d3a95345-35c4-3071-74c4-a153ca69644b}"
EndProject
Project("{FAE04EC0-301F-11D3-BF4B-00C04F79EFBC}") = "FishNet.Codegen.Cecil", "FishNet.Codegen.Cecil.csproj", "{39165c27-4dd5-b1f0-4774-aa70417fbc70}"
EndProject
Project("{FAE04EC0-301F-11D3-BF4B-00C04F79EFBC}") = "FishNet.Demos", "FishNet.Demos.csproj", "{9248a912-e008-5b7c-1d87-4622bdd98a3a}"
EndProject
Project("{FAE04EC0-301F-11D3-BF4B-00C04F79EFBC}") = "Unity.FishNet.Codegen", "Unity.FishNet.Codegen.csproj", "{e705b3df-d95f-9334-b3a1-77cde85ea4b7}"
EndProject
Project("{FAE04EC0-301F-11D3-BF4B-00C04F79EFBC}") = "Edgegap", "Edgegap.csproj", "{c97c6f06-a86c-2fb9-00c4-c7863df584ca}"
EndProject
Project("{FAE04EC0-301F-11D3-BF4B-00C04F79EFBC}") = "GameKit.Dependencies", "GameKit.Dependencies.csproj", "{5570d4dc-0bbd-a09d-871d-7c4590371b98}"
EndProject
Project("{FAE04EC0-301F-11D3-BF4B-00C04F79EFBC}") = "Assembly-CSharp-firstpass", "Assembly-CSharp-firstpass.csproj", "{bf956341-5b82-313f-5653-5d105421285d}"
EndProject
Project("{FAE04EC0-301F-11D3-BF4B-00C04F79EFBC}") = "Assembly-CSharp-Editor-firstpass", "Assembly-CSharp-Editor-firstpass.csproj", "{f2b1ac2a-dd40-3eaf-48b6-4c4b7436c876}"
EndProject
Global
	GlobalSection(SolutionConfigurationPlatforms) = preSolution
		Debug|Any CPU = Debug|Any CPU
	EndGlobalSection
	GlobalSection(ProjectConfigurationPlatforms) = postSolution
		{9ebb8a15-7a9f-8f14-7d76-3201b5bce80c}.Debug|Any CPU.ActiveCfg = Debug|Any CPU
		{9ebb8a15-7a9f-8f14-7d76-3201b5bce80c}.Debug|Any CPU.Build.0 = Debug|Any CPU
		{d3a95345-35c4-3071-74c4-a153ca69644b}.Debug|Any CPU.ActiveCfg = Debug|Any CPU
		{d3a95345-35c4-3071-74c4-a153ca69644b}.Debug|Any CPU.Build.0 = Debug|Any CPU
		{39165c27-4dd5-b1f0-4774-aa70417fbc70}.Debug|Any CPU.ActiveCfg = Debug|Any CPU
		{39165c27-4dd5-b1f0-4774-aa70417fbc70}.Debug|Any CPU.Build.0 = Debug|Any CPU
		{9248a912-e008-5b7c-1d87-4622bdd98a3a}.Debug|Any CPU.ActiveCfg = Debug|Any CPU
		{9248a912-e008-5b7c-1d87-4622bdd98a3a}.Debug|Any CPU.Build.0 = Debug|Any CPU
		{e705b3df-d95f-9334-b3a1-77cde85ea4b7}.Debug|Any CPU.ActiveCfg = Debug|Any CPU
		{e705b3df-d95f-9334-b3a1-77cde85ea4b7}.Debug|Any CPU.Build.0 = Debug|Any CPU
		{c97c6f06-a86c-2fb9-00c4-c7863df584ca}.Debug|Any CPU.ActiveCfg = Debug|Any CPU
		{c97c6f06-a86c-2fb9-00c4-c7863df584ca}.Debug|Any CPU.Build.0 = Debug|Any CPU
		{5570d4dc-0bbd-a09d-871d-7c4590371b98}.Debug|Any CPU.ActiveCfg = Debug|Any CPU
		{5570d4dc-0bbd-a09d-871d-7c4590371b98}.Debug|Any CPU.Build.0 = Debug|Any CPU
		{bf956341-5b82-313f-5653-5d105421285d}.Debug|Any CPU.ActiveCfg = Debug|Any CPU
		{bf956341-5b82-313f-5653-5d105421285d}.Debug|Any CPU.Build.0 = Debug|Any CPU
		{f2b1ac2a-dd40-3eaf-48b6-4c4b7436c876}.Debug|Any CPU.ActiveCfg = Debug|Any CPU
		{f2b1ac2a-dd40-3eaf-48b6-4c4b7436c876}.Debug|Any CPU.Build.0 = Debug|Any CPU
	EndGlobalSection
	GlobalSection(SolutionProperties) = preSolution
		HideSolutionNode = FALSE
	EndGlobalSection
EndGlobal
