
Microsoft Visual Studio Solution File, Format Version 12.00
# Visual Studio 15
Project("{FAE04EC0-301F-11D3-BF4B-00C04F79EFBC}") = "FishNet.Runtime", "FishNet.Runtime.csproj", "{5C2F39F1-955F-46DA-86B8-EB928BAF0CD6}"
EndProject
Project("{FAE04EC0-301F-11D3-BF4B-00C04F79EFBC}") = "Assembly-CSharp", "Assembly-CSharp.csproj", "{24D1378D-5E2C-30BA-FC92-6FF8FAB4E431}"
EndProject
Project("{FAE04EC0-301F-11D3-BF4B-00C04F79EFBC}") = "FishNet.Codegen.Cecil", "FishNet.Codegen.Cecil.csproj", "{DA696831-BDCC-F5EE-86DA-FAA564232E36}"
EndProject
Project("{FAE04EC0-301F-11D3-BF4B-00C04F79EFBC}") = "FishNet.Demos", "FishNet.Demos.csproj", "{F9719252-CEEA-EDAB-FFAC-5CFF1C94EF3A}"
EndProject
Project("{FAE04EC0-301F-11D3-BF4B-00C04F79EFBC}") = "Unity.FishNet.Codegen", "Unity.FishNet.Codegen.csproj", "{51D6E6E6-436B-3D3E-8118-79DC4B6C3223}"
EndProject
Project("{FAE04EC0-301F-11D3-BF4B-00C04F79EFBC}") = "Edgegap", "Edgegap.csproj", "{35F5BE7E-C746-2B3B-BDA9-27814A999E64}"
EndProject
Project("{FAE04EC0-301F-11D3-BF4B-00C04F79EFBC}") = "GameKit.Dependencies", "GameKit.Dependencies.csproj", "{2ABC58C2-7ABA-89B7-FF64-32C697E650FF}"
EndProject
Project("{FAE04EC0-301F-11D3-BF4B-00C04F79EFBC}") = "Assembly-CSharp-firstpass", "Assembly-CSharp-firstpass.csproj", "{7684566D-14D8-33D2-8EF0-80D904EABC44}"
EndProject
Global
	GlobalSection(SolutionConfigurationPlatforms) = preSolution
		Debug|Any CPU = Debug|Any CPU
		Release|Any CPU = Release|Any CPU
	EndGlobalSection
	GlobalSection(ProjectConfigurationPlatforms) = postSolution
		{5C2F39F1-955F-46DA-86B8-EB928BAF0CD6}.Debug|Any CPU.ActiveCfg = Debug|Any CPU
		{5C2F39F1-955F-46DA-86B8-EB928BAF0CD6}.Debug|Any CPU.Build.0 = Debug|Any CPU
		{5C2F39F1-955F-46DA-86B8-EB928BAF0CD6}.Release|Any CPU.ActiveCfg = Release|Any CPU
		{5C2F39F1-955F-46DA-86B8-EB928BAF0CD6}.Release|Any CPU.Build.0 = Release|Any CPU
		{24D1378D-5E2C-30BA-FC92-6FF8FAB4E431}.Debug|Any CPU.ActiveCfg = Debug|Any CPU
		{24D1378D-5E2C-30BA-FC92-6FF8FAB4E431}.Debug|Any CPU.Build.0 = Debug|Any CPU
		{24D1378D-5E2C-30BA-FC92-6FF8FAB4E431}.Release|Any CPU.ActiveCfg = Release|Any CPU
		{24D1378D-5E2C-30BA-FC92-6FF8FAB4E431}.Release|Any CPU.Build.0 = Release|Any CPU
		{DA696831-BDCC-F5EE-86DA-FAA564232E36}.Debug|Any CPU.ActiveCfg = Debug|Any CPU
		{DA696831-BDCC-F5EE-86DA-FAA564232E36}.Debug|Any CPU.Build.0 = Debug|Any CPU
		{DA696831-BDCC-F5EE-86DA-FAA564232E36}.Release|Any CPU.ActiveCfg = Release|Any CPU
		{DA696831-BDCC-F5EE-86DA-FAA564232E36}.Release|Any CPU.Build.0 = Release|Any CPU
		{F9719252-CEEA-EDAB-FFAC-5CFF1C94EF3A}.Debug|Any CPU.ActiveCfg = Debug|Any CPU
		{F9719252-CEEA-EDAB-FFAC-5CFF1C94EF3A}.Debug|Any CPU.Build.0 = Debug|Any CPU
		{F9719252-CEEA-EDAB-FFAC-5CFF1C94EF3A}.Release|Any CPU.ActiveCfg = Release|Any CPU
		{F9719252-CEEA-EDAB-FFAC-5CFF1C94EF3A}.Release|Any CPU.Build.0 = Release|Any CPU
		{51D6E6E6-436B-3D3E-8118-79DC4B6C3223}.Debug|Any CPU.ActiveCfg = Debug|Any CPU
		{51D6E6E6-436B-3D3E-8118-79DC4B6C3223}.Debug|Any CPU.Build.0 = Debug|Any CPU
		{51D6E6E6-436B-3D3E-8118-79DC4B6C3223}.Release|Any CPU.ActiveCfg = Release|Any CPU
		{51D6E6E6-436B-3D3E-8118-79DC4B6C3223}.Release|Any CPU.Build.0 = Release|Any CPU
		{35F5BE7E-C746-2B3B-BDA9-27814A999E64}.Debug|Any CPU.ActiveCfg = Debug|Any CPU
		{35F5BE7E-C746-2B3B-BDA9-27814A999E64}.Debug|Any CPU.Build.0 = Debug|Any CPU
		{35F5BE7E-C746-2B3B-BDA9-27814A999E64}.Release|Any CPU.ActiveCfg = Release|Any CPU
		{35F5BE7E-C746-2B3B-BDA9-27814A999E64}.Release|Any CPU.Build.0 = Release|Any CPU
		{2ABC58C2-7ABA-89B7-FF64-32C697E650FF}.Debug|Any CPU.ActiveCfg = Debug|Any CPU
		{2ABC58C2-7ABA-89B7-FF64-32C697E650FF}.Debug|Any CPU.Build.0 = Debug|Any CPU
		{2ABC58C2-7ABA-89B7-FF64-32C697E650FF}.Release|Any CPU.ActiveCfg = Release|Any CPU
		{2ABC58C2-7ABA-89B7-FF64-32C697E650FF}.Release|Any CPU.Build.0 = Release|Any CPU
		{7684566D-14D8-33D2-8EF0-80D904EABC44}.Debug|Any CPU.ActiveCfg = Debug|Any CPU
		{7684566D-14D8-33D2-8EF0-80D904EABC44}.Debug|Any CPU.Build.0 = Debug|Any CPU
		{7684566D-14D8-33D2-8EF0-80D904EABC44}.Release|Any CPU.ActiveCfg = Release|Any CPU
		{7684566D-14D8-33D2-8EF0-80D904EABC44}.Release|Any CPU.Build.0 = Release|Any CPU
	EndGlobalSection
	GlobalSection(SolutionProperties) = preSolution
		HideSolutionNode = FALSE
	EndGlobalSection
EndGlobal
